
Microsoft Visual Studio Solution File, Format Version 12.00
# Visual Studio Version 17
VisualStudioVersion = 17.3.32901.215
MinimumVisualStudioVersion = 10.0.40219.1
Project("{9A19103F-16F7-4668-BE54-9A1E7A4F7556}") = "ChallengeApi", "ChallengeApi\ChallengeApi.csproj", "{6C34952C-D502-4DEE-BF65-7ECE7EB818A2}"
EndProject
Project("{FAE04EC0-301F-11D3-BF4B-00C04F79EFBC}") = "ChallengeApi.Tests", "..\ChallengeApi.Tests\ChallengeApi.Tests.csproj", "{7B569603-A79B-4FF1-B971-C55644A47062}"
EndProject
Global
	GlobalSection(SolutionConfigurationPlatforms) = preSolution
		Debug|Any CPU = Debug|Any CPU
		Release|Any CPU = Release|Any CPU
	EndGlobalSection
	GlobalSection(ProjectConfigurationPlatforms) = postSolution
		{6C34952C-D502-4DEE-BF65-7ECE7EB818A2}.Debug|Any CPU.ActiveCfg = Debug|Any CPU
		{6C34952C-D502-4DEE-BF65-7ECE7EB818A2}.Debug|Any CPU.Build.0 = Debug|Any CPU
		{6C34952C-D502-4DEE-BF65-7ECE7EB818A2}.Release|Any CPU.ActiveCfg = Release|Any CPU
		{6C34952C-D502-4DEE-BF65-7ECE7EB818A2}.Release|Any CPU.Build.0 = Release|Any CPU
		{7B569603-A79B-4FF1-B971-C55644A47062}.Debug|Any CPU.ActiveCfg = Debug|Any CPU
		{7B569603-A79B-4FF1-B971-C55644A47062}.Debug|Any CPU.Build.0 = Debug|Any CPU
		{7B569603-A79B-4FF1-B971-C55644A47062}.Release|Any CPU.ActiveCfg = Release|Any CPU
		{7B569603-A79B-4FF1-B971-C55644A47062}.Release|Any CPU.Build.0 = Release|Any CPU
	EndGlobalSection
	GlobalSection(SolutionProperties) = preSolution
		HideSolutionNode = FALSE
	EndGlobalSection
	GlobalSection(ExtensibilityGlobals) = postSolution
		SolutionGuid = {FD90B707-E7E4-489D-8B4E-E9918BCFA33B}
	EndGlobalSection
EndGlobal
